{"1.2.0",
[{<<"gleam_stdlib">>,{pkg,<<"gleam_stdlib">>,<<"0.10.1">>},0}]}.
[
{pkg_hash,[
 {<<"gleam_stdlib">>, <<"F123F33E03B5CDF5E19FC179B9EE81269DEB93F7DEFADB17EF2930E4DB9011E7">>}]},
{pkg_hash_ext,[
 {<<"gleam_stdlib">>, <<"8ACD5D8AE1BD013B848F22745BE39E6D25968BF29899A87EB5D7057F4ED89DD0">>}]}
].
